
Microsoft Visual Studio Solution File, Format Version 12.00
# Visual Studio Version 16
VisualStudioVersion = 16.0.30413.136
MinimumVisualStudioVersion = 10.0.40219.1
Project("{FAE04EC0-301F-11D3-BF4B-00C04F79EFBC}") = "HemingPruklad", "HemingPruklad\HemingPruklad.csproj", "{4E40CCF1-A5B9-4FC9-A6CB-EFBDF583ED9D}"
EndProject
Global
	GlobalSection(SolutionConfigurationPlatforms) = preSolution
		Debug|Any CPU = Debug|Any CPU
		Release|Any CPU = Release|Any CPU
	EndGlobalSection
	GlobalSection(ProjectConfigurationPlatforms) = postSolution
		{4E40CCF1-A5B9-4FC9-A6CB-EFBDF583ED9D}.Debug|Any CPU.ActiveCfg = Debug|Any CPU
		{4E40CCF1-A5B9-4FC9-A6CB-EFBDF583ED9D}.Debug|Any CPU.Build.0 = Debug|Any CPU
		{4E40CCF1-A5B9-4FC9-A6CB-EFBDF583ED9D}.Release|Any CPU.ActiveCfg = Release|Any CPU
		{4E40CCF1-A5B9-4FC9-A6CB-EFBDF583ED9D}.Release|Any CPU.Build.0 = Release|Any CPU
	EndGlobalSection
	GlobalSection(SolutionProperties) = preSolution
		HideSolutionNode = FALSE
	EndGlobalSection
	GlobalSection(ExtensibilityGlobals) = postSolution
		SolutionGuid = {A2BFE25E-B939-4974-8FB6-2364DC236B79}
	EndGlobalSection
EndGlobal
